
Microsoft Visual Studio Solution File, Format Version 12.00
# Visual Studio Version 16
VisualStudioVersion = 16.0.31005.135
MinimumVisualStudioVersion = 15.0.26124.0
Project("{9A19103F-16F7-4668-BE54-9A1E7A4F7556}") = "CarsUnlimited.Inventory", "CarsUnlimited.Inventory\CarsUnlimited.Inventory.csproj", "{304FF825-EAF6-438B-B75A-42C2AD4338C7}"
EndProject
Project("{9A19103F-16F7-4668-BE54-9A1E7A4F7556}") = "CarsUnlimited.Shared", "CarsUnlimited.Shared\CarsUnlimited.Shared.csproj", "{DBDFF985-050A-4FCC-BB64-2A5CE2D439AD}"
EndProject
Global
	GlobalSection(SolutionConfigurationPlatforms) = preSolution
		Debug|Any CPU = Debug|Any CPU
		Debug|x64 = Debug|x64
		Debug|x86 = Debug|x86
		Release|Any CPU = Release|Any CPU
		Release|x64 = Release|x64
		Release|x86 = Release|x86
	EndGlobalSection
	GlobalSection(ProjectConfigurationPlatforms) = postSolution
		{304FF825-EAF6-438B-B75A-42C2AD4338C7}.Debug|Any CPU.ActiveCfg = Debug|Any CPU
		{304FF825-EAF6-438B-B75A-42C2AD4338C7}.Debug|Any CPU.Build.0 = Debug|Any CPU
		{304FF825-EAF6-438B-B75A-42C2AD4338C7}.Debug|x64.ActiveCfg = Debug|Any CPU
		{304FF825-EAF6-438B-B75A-42C2AD4338C7}.Debug|x64.Build.0 = Debug|Any CPU
		{304FF825-EAF6-438B-B75A-42C2AD4338C7}.Debug|x86.ActiveCfg = Debug|Any CPU
		{304FF825-EAF6-438B-B75A-42C2AD4338C7}.Debug|x86.Build.0 = Debug|Any CPU
		{304FF825-EAF6-438B-B75A-42C2AD4338C7}.Release|Any CPU.ActiveCfg = Release|Any CPU
		{304FF825-EAF6-438B-B75A-42C2AD4338C7}.Release|Any CPU.Build.0 = Release|Any CPU
		{304FF825-EAF6-438B-B75A-42C2AD4338C7}.Release|x64.ActiveCfg = Release|Any CPU
		{304FF825-EAF6-438B-B75A-42C2AD4338C7}.Release|x64.Build.0 = Release|Any CPU
		{304FF825-EAF6-438B-B75A-42C2AD4338C7}.Release|x86.ActiveCfg = Release|Any CPU
		{304FF825-EAF6-438B-B75A-42C2AD4338C7}.Release|x86.Build.0 = Release|Any CPU
		{DBDFF985-050A-4FCC-BB64-2A5CE2D439AD}.Debug|Any CPU.ActiveCfg = Debug|Any CPU
		{DBDFF985-050A-4FCC-BB64-2A5CE2D439AD}.Debug|Any CPU.Build.0 = Debug|Any CPU
		{DBDFF985-050A-4FCC-BB64-2A5CE2D439AD}.Debug|x64.ActiveCfg = Debug|Any CPU
		{DBDFF985-050A-4FCC-BB64-2A5CE2D439AD}.Debug|x64.Build.0 = Debug|Any CPU
		{DBDFF985-050A-4FCC-BB64-2A5CE2D439AD}.Debug|x86.ActiveCfg = Debug|Any CPU
		{DBDFF985-050A-4FCC-BB64-2A5CE2D439AD}.Debug|x86.Build.0 = Debug|Any CPU
		{DBDFF985-050A-4FCC-BB64-2A5CE2D439AD}.Release|Any CPU.ActiveCfg = Release|Any CPU
		{DBDFF985-050A-4FCC-BB64-2A5CE2D439AD}.Release|Any CPU.Build.0 = Release|Any CPU
		{DBDFF985-050A-4FCC-BB64-2A5CE2D439AD}.Release|x64.ActiveCfg = Release|Any CPU
		{DBDFF985-050A-4FCC-BB64-2A5CE2D439AD}.Release|x64.Build.0 = Release|Any CPU
		{DBDFF985-050A-4FCC-BB64-2A5CE2D439AD}.Release|x86.ActiveCfg = Release|Any CPU
		{DBDFF985-050A-4FCC-BB64-2A5CE2D439AD}.Release|x86.Build.0 = Release|Any CPU
	EndGlobalSection
	GlobalSection(SolutionProperties) = preSolution
		HideSolutionNode = FALSE
	EndGlobalSection
	GlobalSection(ExtensibilityGlobals) = postSolution
		SolutionGuid = {6AF66078-8D1F-4193-9624-3ACAE2DC21E1}
	EndGlobalSection
EndGlobal
